
Microsoft Visual Studio Solution File, Format Version 12.00
# Visual Studio Version 17
VisualStudioVersion = 17.12.35707.178
MinimumVisualStudioVersion = 10.0.40219.1
Project("{FAE04EC0-301F-11D3-BF4B-00C04F79EFBC}") = "Avalonia11App1_DropDownSO", "Avalonia11App_DropDownSO\Avalonia11App_DropDownSO.csproj", "{5F2914A1-AB35-4BB1-AB85-EE5B59F56EB7}"
EndProject
Project("{FAE04EC0-301F-11D3-BF4B-00C04F79EFBC}") = "Avalonia10App_DropDownSO", "Avalonia10App_DropDownSO\Avalonia10App_DropDownSO.csproj", "{A8AE0F42-0321-445B-9635-00E00CAF961E}"
EndProject
Global
	GlobalSection(SolutionConfigurationPlatforms) = preSolution
		Debug|Any CPU = Debug|Any CPU
		Release|Any CPU = Release|Any CPU
	EndGlobalSection
	GlobalSection(ProjectConfigurationPlatforms) = postSolution
		{5F2914A1-AB35-4BB1-AB85-EE5B59F56EB7}.Debug|Any CPU.ActiveCfg = Debug|Any CPU
		{5F2914A1-AB35-4BB1-AB85-EE5B59F56EB7}.Debug|Any CPU.Build.0 = Debug|Any CPU
		{5F2914A1-AB35-4BB1-AB85-EE5B59F56EB7}.Release|Any CPU.ActiveCfg = Release|Any CPU
		{5F2914A1-AB35-4BB1-AB85-EE5B59F56EB7}.Release|Any CPU.Build.0 = Release|Any CPU
		{A8AE0F42-0321-445B-9635-00E00CAF961E}.Debug|Any CPU.ActiveCfg = Debug|Any CPU
		{A8AE0F42-0321-445B-9635-00E00CAF961E}.Debug|Any CPU.Build.0 = Debug|Any CPU
		{A8AE0F42-0321-445B-9635-00E00CAF961E}.Release|Any CPU.ActiveCfg = Release|Any CPU
		{A8AE0F42-0321-445B-9635-00E00CAF961E}.Release|Any CPU.Build.0 = Release|Any CPU
	EndGlobalSection
	GlobalSection(SolutionProperties) = preSolution
		HideSolutionNode = FALSE
	EndGlobalSection
EndGlobal
